
Microsoft Visual Studio Solution File, Format Version 12.00
# Visual Studio Version 17
VisualStudioVersion = 17.2.32505.173
MinimumVisualStudioVersion = 10.0.40219.1
Project("{FAE04EC0-301F-11D3-BF4B-00C04F79EFBC}") = "BrianWebsite.WebApp", "BrianWebsite.WebApp\BrianWebsite.WebApp.csproj", "{37DF37B8-B7BD-4447-8C6C-5273C124FB1A}"
EndProject
Project("{FAE04EC0-301F-11D3-BF4B-00C04F79EFBC}") = "BrianWebSite.WebApp.Angular", "BrianWebSite.WebApp.Angular\BrianWebSite.WebApp.Angular.csproj", "{3DA33797-F368-435C-936D-5071EF533C43}"
EndProject
Global
	GlobalSection(SolutionConfigurationPlatforms) = preSolution
		Debug|Any CPU = Debug|Any CPU
		Release|Any CPU = Release|Any CPU
	EndGlobalSection
	GlobalSection(ProjectConfigurationPlatforms) = postSolution
		{4F1B17D2-75C5-4CC6-8780-9C83B31CEC12}.Debug|Any CPU.ActiveCfg = Debug|Any CPU
		{4F1B17D2-75C5-4CC6-8780-9C83B31CEC12}.Debug|Any CPU.Build.0 = Debug|Any CPU
		{4F1B17D2-75C5-4CC6-8780-9C83B31CEC12}.Release|Any CPU.ActiveCfg = Release|Any CPU
		{4F1B17D2-75C5-4CC6-8780-9C83B31CEC12}.Release|Any CPU.Build.0 = Release|Any CPU
		{37DF37B8-B7BD-4447-8C6C-5273C124FB1A}.Debug|Any CPU.ActiveCfg = Debug|Any CPU
		{37DF37B8-B7BD-4447-8C6C-5273C124FB1A}.Debug|Any CPU.Build.0 = Debug|Any CPU
		{37DF37B8-B7BD-4447-8C6C-5273C124FB1A}.Release|Any CPU.ActiveCfg = Release|Any CPU
		{37DF37B8-B7BD-4447-8C6C-5273C124FB1A}.Release|Any CPU.Build.0 = Release|Any CPU
		{3DA33797-F368-435C-936D-5071EF533C43}.Debug|Any CPU.ActiveCfg = Debug|Any CPU
		{3DA33797-F368-435C-936D-5071EF533C43}.Debug|Any CPU.Build.0 = Debug|Any CPU
		{3DA33797-F368-435C-936D-5071EF533C43}.Release|Any CPU.ActiveCfg = Release|Any CPU
		{3DA33797-F368-435C-936D-5071EF533C43}.Release|Any CPU.Build.0 = Release|Any CPU
	EndGlobalSection
	GlobalSection(SolutionProperties) = preSolution
		HideSolutionNode = FALSE
	EndGlobalSection
	GlobalSection(ExtensibilityGlobals) = postSolution
		SolutionGuid = {8AD4F51F-FA79-49CE-A4DD-07ADC961A3A8}
	EndGlobalSection
EndGlobal
